// !$*UTF8*$!
{
	archiveVersion = 1;
	classes = {
	};
	objectVersion = 50;
	objects = {

/* Begin PBXBuildFile section */
		2C24647A2674887AA8E697F7 /* libPods-Train FinderTests.a in Frameworks */ = {isa = PBXBuildFile; fileRef = 436ECD87CFB98B2BF81CA122 /* libPods-Train FinderTests.a */; };
		A5C98FC7F5278F75BB6206A0 /* libPods-Train Finder.a in Frameworks */ = {isa = PBXBuildFile; fileRef = 2405984C4FD8F11650FE0A08 /* libPods-Train Finder.a */; };
		F541ECD222FAA7DF00750D49 /* LineTableViewCell.m in Sources */ = {isa = PBXBuildFile; fileRef = F541ECD022FAA7DF00750D49 /* LineTableViewCell.m */; };
		F541ECD322FAA7DF00750D49 /* LineTableViewCell.xib in Resources */ = {isa = PBXBuildFile; fileRef = F541ECD122FAA7DF00750D49 /* LineTableViewCell.xib */; };
		F54F2F6B22FA3FE000084F24 /* TFFacilityDetailViewController.m in Sources */ = {isa = PBXBuildFile; fileRef = F54F2F6922FA3FE000084F24 /* TFFacilityDetailViewController.m */; };
		F54F2F6C22FA3FE000084F24 /* TFFacilityDetailViewController.xib in Resources */ = {isa = PBXBuildFile; fileRef = F54F2F6A22FA3FE000084F24 /* TFFacilityDetailViewController.xib */; };
		F5514F2222F66800003F2AF7 /* AppDelegate.m in Sources */ = {isa = PBXBuildFile; fileRef = F5514F2122F66800003F2AF7 /* AppDelegate.m */; };
		F5514F2A22F66805003F2AF7 /* Assets.xcassets in Resources */ = {isa = PBXBuildFile; fileRef = F5514F2922F66805003F2AF7 /* Assets.xcassets */; };
		F5514F2D22F66805003F2AF7 /* LaunchScreen.storyboard in Resources */ = {isa = PBXBuildFile; fileRef = F5514F2B22F66805003F2AF7 /* LaunchScreen.storyboard */; };
		F5514F3022F66805003F2AF7 /* main.m in Sources */ = {isa = PBXBuildFile; fileRef = F5514F2F22F66805003F2AF7 /* main.m */; };
		F5514F3A22F66805003F2AF7 /* Train_FinderTests.m in Sources */ = {isa = PBXBuildFile; fileRef = F5514F3922F66805003F2AF7 /* Train_FinderTests.m */; };
		F5514F4922F66867003F2AF7 /* TFLandingViewController.m in Sources */ = {isa = PBXBuildFile; fileRef = F5514F4722F66867003F2AF7 /* TFLandingViewController.m */; };
		F5514F4A22F66867003F2AF7 /* TFLandingViewController.xib in Resources */ = {isa = PBXBuildFile; fileRef = F5514F4822F66867003F2AF7 /* TFLandingViewController.xib */; };
		F5514F4D22F66906003F2AF7 /* TFLandingPresenter.m in Sources */ = {isa = PBXBuildFile; fileRef = F5514F4C22F66906003F2AF7 /* TFLandingPresenter.m */; };
		F5514F5522F66DAA003F2AF7 /* TFAPIService.m in Sources */ = {isa = PBXBuildFile; fileRef = F5514F5422F66DAA003F2AF7 /* TFAPIService.m */; };
		F5514F5822F66DB5003F2AF7 /* TFLocationService.m in Sources */ = {isa = PBXBuildFile; fileRef = F5514F5722F66DB5003F2AF7 /* TFLocationService.m */; };
		F5514F5B22F66DC4003F2AF7 /* TFRepositoryFactory.m in Sources */ = {isa = PBXBuildFile; fileRef = F5514F5A22F66DC4003F2AF7 /* TFRepositoryFactory.m */; };
		F58BAF6522F68A5C006E97DD /* TFStopPointsResponse.m in Sources */ = {isa = PBXBuildFile; fileRef = F58BAF6422F68A5C006E97DD /* TFStopPointsResponse.m */; };
		F58BAF6922F6A5F0006E97DD /* TFStopPoint.m in Sources */ = {isa = PBXBuildFile; fileRef = F58BAF6822F6A5F0006E97DD /* TFStopPoint.m */; };
		F58BAF6C22F6A6EC006E97DD /* TFAdditionalProperties.m in Sources */ = {isa = PBXBuildFile; fileRef = F58BAF6B22F6A6EC006E97DD /* TFAdditionalProperties.m */; };
		F58BAF7122F6C315006E97DD /* TFStationCell.m in Sources */ = {isa = PBXBuildFile; fileRef = F58BAF6F22F6C315006E97DD /* TFStationCell.m */; };
		F58BAF7222F6C315006E97DD /* TFStationCell.xib in Resources */ = {isa = PBXBuildFile; fileRef = F58BAF7022F6C315006E97DD /* TFStationCell.xib */; };
		F58BAF7622F6C9FC006E97DD /* CategoryCell.m in Sources */ = {isa = PBXBuildFile; fileRef = F58BAF7422F6C9FC006E97DD /* CategoryCell.m */; };
		F58BAF7722F6C9FC006E97DD /* CategoryCell.xib in Resources */ = {isa = PBXBuildFile; fileRef = F58BAF7522F6C9FC006E97DD /* CategoryCell.xib */; };
		F5FEC99F22FA784900C5FE64 /* TFArrivalPrediction.m in Sources */ = {isa = PBXBuildFile; fileRef = F5FEC99E22FA784900C5FE64 /* TFArrivalPrediction.m */; };
/* End PBXBuildFile section */

/* Begin PBXContainerItemProxy section */
		F5514F3622F66805003F2AF7 /* PBXContainerItemProxy */ = {
			isa = PBXContainerItemProxy;
			containerPortal = F5514F1522F667FF003F2AF7 /* Project object */;
			proxyType = 1;
			remoteGlobalIDString = F5514F1C22F667FF003F2AF7;
			remoteInfo = "Train Finder";
		};
/* End PBXContainerItemProxy section */

/* Begin PBXFileReference section */
		0B376FD574E5D36A1540C704 /* Pods-Train FinderTests.debug.xcconfig */ = {isa = PBXFileReference; includeInIndex = 1; lastKnownFileType = text.xcconfig; name = "Pods-Train FinderTests.debug.xcconfig"; path = "Pods/Target Support Files/Pods-Train FinderTests/Pods-Train FinderTests.debug.xcconfig"; sourceTree = "<group>"; };
		2405984C4FD8F11650FE0A08 /* libPods-Train Finder.a */ = {isa = PBXFileReference; explicitFileType = archive.ar; includeInIndex = 0; path = "libPods-Train Finder.a"; sourceTree = BUILT_PRODUCTS_DIR; };
		3A703B12E192A54DFC21382A /* Pods-Train Finder.debug.xcconfig */ = {isa = PBXFileReference; includeInIndex = 1; lastKnownFileType = text.xcconfig; name = "Pods-Train Finder.debug.xcconfig"; path = "Pods/Target Support Files/Pods-Train Finder/Pods-Train Finder.debug.xcconfig"; sourceTree = "<group>"; };
		436ECD87CFB98B2BF81CA122 /* libPods-Train FinderTests.a */ = {isa = PBXFileReference; explicitFileType = archive.ar; includeInIndex = 0; path = "libPods-Train FinderTests.a"; sourceTree = BUILT_PRODUCTS_DIR; };
		DA3408AC8610E3FCC1A9F216 /* Pods-Train Finder.release.xcconfig */ = {isa = PBXFileReference; includeInIndex = 1; lastKnownFileType = text.xcconfig; name = "Pods-Train Finder.release.xcconfig"; path = "Pods/Target Support Files/Pods-Train Finder/Pods-Train Finder.release.xcconfig"; sourceTree = "<group>"; };
		F0B34444EA1D5D7F873C9C22 /* Pods-Train FinderTests.release.xcconfig */ = {isa = PBXFileReference; includeInIndex = 1; lastKnownFileType = text.xcconfig; name = "Pods-Train FinderTests.release.xcconfig"; path = "Pods/Target Support Files/Pods-Train FinderTests/Pods-Train FinderTests.release.xcconfig"; sourceTree = "<group>"; };
		F541ECCF22FAA7DF00750D49 /* LineTableViewCell.h */ = {isa = PBXFileReference; lastKnownFileType = sourcecode.c.h; path = LineTableViewCell.h; sourceTree = "<group>"; };
		F541ECD022FAA7DF00750D49 /* LineTableViewCell.m */ = {isa = PBXFileReference; lastKnownFileType = sourcecode.c.objc; path = LineTableViewCell.m; sourceTree = "<group>"; };
		F541ECD122FAA7DF00750D49 /* LineTableViewCell.xib */ = {isa = PBXFileReference; lastKnownFileType = file.xib; path = LineTableViewCell.xib; sourceTree = "<group>"; };
		F54F2F6522FA3D5F00084F24 /* TFFacilitySelectionDelegate.h */ = {isa = PBXFileReference; lastKnownFileType = sourcecode.c.h; path = TFFacilitySelectionDelegate.h; sourceTree = "<group>"; };
		F54F2F6822FA3FE000084F24 /* TFFacilityDetailViewController.h */ = {isa = PBXFileReference; lastKnownFileType = sourcecode.c.h; path = TFFacilityDetailViewController.h; sourceTree = "<group>"; };
		F54F2F6922FA3FE000084F24 /* TFFacilityDetailViewController.m */ = {isa = PBXFileReference; lastKnownFileType = sourcecode.c.objc; path = TFFacilityDetailViewController.m; sourceTree = "<group>"; };
		F54F2F6A22FA3FE000084F24 /* TFFacilityDetailViewController.xib */ = {isa = PBXFileReference; lastKnownFileType = file.xib; path = TFFacilityDetailViewController.xib; sourceTree = "<group>"; };
		F5514F1D22F667FF003F2AF7 /* Train Finder.app */ = {isa = PBXFileReference; explicitFileType = wrapper.application; includeInIndex = 0; path = "Train Finder.app"; sourceTree = BUILT_PRODUCTS_DIR; };
		F5514F2022F66800003F2AF7 /* AppDelegate.h */ = {isa = PBXFileReference; lastKnownFileType = sourcecode.c.h; path = AppDelegate.h; sourceTree = "<group>"; };
		F5514F2122F66800003F2AF7 /* AppDelegate.m */ = {isa = PBXFileReference; lastKnownFileType = sourcecode.c.objc; path = AppDelegate.m; sourceTree = "<group>"; };
		F5514F2922F66805003F2AF7 /* Assets.xcassets */ = {isa = PBXFileReference; lastKnownFileType = folder.assetcatalog; path = Assets.xcassets; sourceTree = "<group>"; };
		F5514F2C22F66805003F2AF7 /* Base */ = {isa = PBXFileReference; lastKnownFileType = file.storyboard; name = Base; path = Base.lproj/LaunchScreen.storyboard; sourceTree = "<group>"; };
		F5514F2E22F66805003F2AF7 /* Info.plist */ = {isa = PBXFileReference; lastKnownFileType = text.plist.xml; path = Info.plist; sourceTree = "<group>"; };
		F5514F2F22F66805003F2AF7 /* main.m */ = {isa = PBXFileReference; lastKnownFileType = sourcecode.c.objc; path = main.m; sourceTree = "<group>"; };
		F5514F3522F66805003F2AF7 /* Train FinderTests.xctest */ = {isa = PBXFileReference; explicitFileType = wrapper.cfbundle; includeInIndex = 0; path = "Train FinderTests.xctest"; sourceTree = BUILT_PRODUCTS_DIR; };
		F5514F3922F66805003F2AF7 /* Train_FinderTests.m */ = {isa = PBXFileReference; lastKnownFileType = sourcecode.c.objc; path = Train_FinderTests.m; sourceTree = "<group>"; };
		F5514F3B22F66805003F2AF7 /* Info.plist */ = {isa = PBXFileReference; lastKnownFileType = text.plist.xml; path = Info.plist; sourceTree = "<group>"; };
		F5514F4622F66867003F2AF7 /* TFLandingViewController.h */ = {isa = PBXFileReference; lastKnownFileType = sourcecode.c.h; path = TFLandingViewController.h; sourceTree = "<group>"; };
		F5514F4722F66867003F2AF7 /* TFLandingViewController.m */ = {isa = PBXFileReference; lastKnownFileType = sourcecode.c.objc; path = TFLandingViewController.m; sourceTree = "<group>"; };
		F5514F4822F66867003F2AF7 /* TFLandingViewController.xib */ = {isa = PBXFileReference; lastKnownFileType = file.xib; path = TFLandingViewController.xib; sourceTree = "<group>"; };
		F5514F4B22F66906003F2AF7 /* TFLandingPresenter.h */ = {isa = PBXFileReference; lastKnownFileType = sourcecode.c.h; path = TFLandingPresenter.h; sourceTree = "<group>"; };
		F5514F4C22F66906003F2AF7 /* TFLandingPresenter.m */ = {isa = PBXFileReference; lastKnownFileType = sourcecode.c.objc; path = TFLandingPresenter.m; sourceTree = "<group>"; };
		F5514F4E22F66957003F2AF7 /* TFLandingViewDelegate.h */ = {isa = PBXFileReference; lastKnownFileType = sourcecode.c.h; path = TFLandingViewDelegate.h; sourceTree = "<group>"; };
		F5514F5122F66970003F2AF7 /* TFLandingPresenterDelgate.h */ = {isa = PBXFileReference; lastKnownFileType = sourcecode.c.h; path = TFLandingPresenterDelgate.h; sourceTree = "<group>"; };
		F5514F5322F66DAA003F2AF7 /* TFAPIService.h */ = {isa = PBXFileReference; lastKnownFileType = sourcecode.c.h; path = TFAPIService.h; sourceTree = "<group>"; };
		F5514F5422F66DAA003F2AF7 /* TFAPIService.m */ = {isa = PBXFileReference; lastKnownFileType = sourcecode.c.objc; path = TFAPIService.m; sourceTree = "<group>"; };
		F5514F5622F66DB5003F2AF7 /* TFLocationService.h */ = {isa = PBXFileReference; lastKnownFileType = sourcecode.c.h; path = TFLocationService.h; sourceTree = "<group>"; };
		F5514F5722F66DB5003F2AF7 /* TFLocationService.m */ = {isa = PBXFileReference; lastKnownFileType = sourcecode.c.objc; path = TFLocationService.m; sourceTree = "<group>"; };
		F5514F5922F66DC4003F2AF7 /* TFRepositoryFactory.h */ = {isa = PBXFileReference; lastKnownFileType = sourcecode.c.h; path = TFRepositoryFactory.h; sourceTree = "<group>"; };
		F5514F5A22F66DC4003F2AF7 /* TFRepositoryFactory.m */ = {isa = PBXFileReference; lastKnownFileType = sourcecode.c.objc; path = TFRepositoryFactory.m; sourceTree = "<group>"; };
		F58BAF6322F68A5C006E97DD /* TFStopPointsResponse.h */ = {isa = PBXFileReference; lastKnownFileType = sourcecode.c.h; path = TFStopPointsResponse.h; sourceTree = "<group>"; };
		F58BAF6422F68A5C006E97DD /* TFStopPointsResponse.m */ = {isa = PBXFileReference; lastKnownFileType = sourcecode.c.objc; path = TFStopPointsResponse.m; sourceTree = "<group>"; };
		F58BAF6722F6A5F0006E97DD /* TFStopPoint.h */ = {isa = PBXFileReference; lastKnownFileType = sourcecode.c.h; path = TFStopPoint.h; sourceTree = "<group>"; };
		F58BAF6822F6A5F0006E97DD /* TFStopPoint.m */ = {isa = PBXFileReference; lastKnownFileType = sourcecode.c.objc; path = TFStopPoint.m; sourceTree = "<group>"; };
		F58BAF6A22F6A6EC006E97DD /* TFAdditionalProperties.h */ = {isa = PBXFileReference; lastKnownFileType = sourcecode.c.h; path = TFAdditionalProperties.h; sourceTree = "<group>"; };
		F58BAF6B22F6A6EC006E97DD /* TFAdditionalProperties.m */ = {isa = PBXFileReference; lastKnownFileType = sourcecode.c.objc; path = TFAdditionalProperties.m; sourceTree = "<group>"; };
		F58BAF6E22F6C315006E97DD /* TFStationCell.h */ = {isa = PBXFileReference; lastKnownFileType = sourcecode.c.h; path = TFStationCell.h; sourceTree = "<group>"; };
		F58BAF6F22F6C315006E97DD /* TFStationCell.m */ = {isa = PBXFileReference; lastKnownFileType = sourcecode.c.objc; path = TFStationCell.m; sourceTree = "<group>"; };
		F58BAF7022F6C315006E97DD /* TFStationCell.xib */ = {isa = PBXFileReference; lastKnownFileType = file.xib; path = TFStationCell.xib; sourceTree = "<group>"; };
		F58BAF7322F6C9FC006E97DD /* CategoryCell.h */ = {isa = PBXFileReference; lastKnownFileType = sourcecode.c.h; path = CategoryCell.h; sourceTree = "<group>"; };
		F58BAF7422F6C9FC006E97DD /* CategoryCell.m */ = {isa = PBXFileReference; lastKnownFileType = sourcecode.c.objc; path = CategoryCell.m; sourceTree = "<group>"; };
		F58BAF7522F6C9FC006E97DD /* CategoryCell.xib */ = {isa = PBXFileReference; lastKnownFileType = file.xib; path = CategoryCell.xib; sourceTree = "<group>"; };
		F5FEC99D22FA784900C5FE64 /* TFArrivalPrediction.h */ = {isa = PBXFileReference; lastKnownFileType = sourcecode.c.h; path = TFArrivalPrediction.h; sourceTree = "<group>"; };
		F5FEC99E22FA784900C5FE64 /* TFArrivalPrediction.m */ = {isa = PBXFileReference; lastKnownFileType = sourcecode.c.objc; path = TFArrivalPrediction.m; sourceTree = "<group>"; };
/* End PBXFileReference section */

/* Begin PBXFrameworksBuildPhase section */
		F5514F1A22F667FF003F2AF7 /* Frameworks */ = {
			isa = PBXFrameworksBuildPhase;
			buildActionMask = 2147483647;
			files = (
				A5C98FC7F5278F75BB6206A0 /* libPods-Train Finder.a in Frameworks */,
			);
			runOnlyForDeploymentPostprocessing = 0;
		};
		F5514F3222F66805003F2AF7 /* Frameworks */ = {
			isa = PBXFrameworksBuildPhase;
			buildActionMask = 2147483647;
			files = (
				2C24647A2674887AA8E697F7 /* libPods-Train FinderTests.a in Frameworks */,
			);
			runOnlyForDeploymentPostprocessing = 0;
		};
/* End PBXFrameworksBuildPhase section */

/* Begin PBXGroup section */
		1E496F71680BD84230DB17F6 /* Frameworks */ = {
			isa = PBXGroup;
			children = (
				2405984C4FD8F11650FE0A08 /* libPods-Train Finder.a */,
				436ECD87CFB98B2BF81CA122 /* libPods-Train FinderTests.a */,
			);
			name = Frameworks;
			sourceTree = "<group>";
		};
		82754EB92F0876E35DCC05E9 /* Pods */ = {
			isa = PBXGroup;
			children = (
				3A703B12E192A54DFC21382A /* Pods-Train Finder.debug.xcconfig */,
				DA3408AC8610E3FCC1A9F216 /* Pods-Train Finder.release.xcconfig */,
				0B376FD574E5D36A1540C704 /* Pods-Train FinderTests.debug.xcconfig */,
				F0B34444EA1D5D7F873C9C22 /* Pods-Train FinderTests.release.xcconfig */,
			);
			name = Pods;
			sourceTree = "<group>";
		};
		F54F2F6622FA3F6100084F24 /* Landing */ = {
			isa = PBXGroup;
			children = (
				F54F2F6722FA3F7000084F24 /* Facility Detail */,
				F5514F4E22F66957003F2AF7 /* TFLandingViewDelegate.h */,
				F5514F4622F66867003F2AF7 /* TFLandingViewController.h */,
				F5514F4722F66867003F2AF7 /* TFLandingViewController.m */,
				F5514F4822F66867003F2AF7 /* TFLandingViewController.xib */,
				F5514F5122F66970003F2AF7 /* TFLandingPresenterDelgate.h */,
				F5514F4B22F66906003F2AF7 /* TFLandingPresenter.h */,
				F5514F4C22F66906003F2AF7 /* TFLandingPresenter.m */,
			);
			path = Landing;
			sourceTree = "<group>";
		};
		F54F2F6722FA3F7000084F24 /* Facility Detail */ = {
			isa = PBXGroup;
			children = (
				F54F2F6822FA3FE000084F24 /* TFFacilityDetailViewController.h */,
				F54F2F6922FA3FE000084F24 /* TFFacilityDetailViewController.m */,
				F54F2F6A22FA3FE000084F24 /* TFFacilityDetailViewController.xib */,
			);
			path = "Facility Detail";
			sourceTree = "<group>";
		};
		F5514F1422F667FF003F2AF7 = {
			isa = PBXGroup;
			children = (
				F5514F1F22F667FF003F2AF7 /* Train Finder */,
				F5514F3822F66805003F2AF7 /* Train FinderTests */,
				F5514F1E22F667FF003F2AF7 /* Products */,
				82754EB92F0876E35DCC05E9 /* Pods */,
				1E496F71680BD84230DB17F6 /* Frameworks */,
			);
			sourceTree = "<group>";
		};
		F5514F1E22F667FF003F2AF7 /* Products */ = {
			isa = PBXGroup;
			children = (
				F5514F1D22F667FF003F2AF7 /* Train Finder.app */,
				F5514F3522F66805003F2AF7 /* Train FinderTests.xctest */,
			);
			name = Products;
			sourceTree = "<group>";
		};
		F5514F1F22F667FF003F2AF7 /* Train Finder */ = {
			isa = PBXGroup;
			children = (
				F5514F5222F66D8A003F2AF7 /* Services */,
				F5514F4522F66851003F2AF7 /* Resources */,
				F5514F4422F6683D003F2AF7 /* ViewControllers */,
			);
			path = "Train Finder";
			sourceTree = "<group>";
		};
		F5514F3822F66805003F2AF7 /* Train FinderTests */ = {
			isa = PBXGroup;
			children = (
				F5514F3922F66805003F2AF7 /* Train_FinderTests.m */,
				F5514F3B22F66805003F2AF7 /* Info.plist */,
			);
			path = "Train FinderTests";
			sourceTree = "<group>";
		};
		F5514F4422F6683D003F2AF7 /* ViewControllers */ = {
			isa = PBXGroup;
			children = (
				F54F2F6622FA3F6100084F24 /* Landing */,
				F58BAF6D22F6C2F6006E97DD /* Cells */,
			);
			path = ViewControllers;
			sourceTree = "<group>";
		};
		F5514F4522F66851003F2AF7 /* Resources */ = {
			isa = PBXGroup;
			children = (
				F5514F2022F66800003F2AF7 /* AppDelegate.h */,
				F5514F2122F66800003F2AF7 /* AppDelegate.m */,
				F5514F2922F66805003F2AF7 /* Assets.xcassets */,
				F5514F2B22F66805003F2AF7 /* LaunchScreen.storyboard */,
				F5514F2E22F66805003F2AF7 /* Info.plist */,
				F5514F2F22F66805003F2AF7 /* main.m */,
			);
			path = Resources;
			sourceTree = "<group>";
		};
		F5514F5222F66D8A003F2AF7 /* Services */ = {
			isa = PBXGroup;
			children = (
				F58BAF6622F68B16006E97DD /* Models */,
				F5514F5922F66DC4003F2AF7 /* TFRepositoryFactory.h */,
				F5514F5A22F66DC4003F2AF7 /* TFRepositoryFactory.m */,
				F5514F5322F66DAA003F2AF7 /* TFAPIService.h */,
				F5514F5422F66DAA003F2AF7 /* TFAPIService.m */,
				F5514F5622F66DB5003F2AF7 /* TFLocationService.h */,
				F5514F5722F66DB5003F2AF7 /* TFLocationService.m */,
			);
			name = Services;
			path = Resources/Services;
			sourceTree = "<group>";
		};
		F58BAF6622F68B16006E97DD /* Models */ = {
			isa = PBXGroup;
			children = (
				F58BAF6322F68A5C006E97DD /* TFStopPointsResponse.h */,
				F58BAF6422F68A5C006E97DD /* TFStopPointsResponse.m */,
				F58BAF6722F6A5F0006E97DD /* TFStopPoint.h */,
				F58BAF6822F6A5F0006E97DD /* TFStopPoint.m */,
				F58BAF6A22F6A6EC006E97DD /* TFAdditionalProperties.h */,
				F58BAF6B22F6A6EC006E97DD /* TFAdditionalProperties.m */,
				F5FEC99D22FA784900C5FE64 /* TFArrivalPrediction.h */,
				F5FEC99E22FA784900C5FE64 /* TFArrivalPrediction.m */,
			);
			name = Models;
			sourceTree = "<group>";
		};
		F58BAF6D22F6C2F6006E97DD /* Cells */ = {
			isa = PBXGroup;
			children = (
				F58BAF6E22F6C315006E97DD /* TFStationCell.h */,
				F58BAF6F22F6C315006E97DD /* TFStationCell.m */,
				F58BAF7022F6C315006E97DD /* TFStationCell.xib */,
				F58BAF7322F6C9FC006E97DD /* CategoryCell.h */,
				F58BAF7422F6C9FC006E97DD /* CategoryCell.m */,
				F58BAF7522F6C9FC006E97DD /* CategoryCell.xib */,
				F54F2F6522FA3D5F00084F24 /* TFFacilitySelectionDelegate.h */,
				F541ECCF22FAA7DF00750D49 /* LineTableViewCell.h */,
				F541ECD022FAA7DF00750D49 /* LineTableViewCell.m */,
				F541ECD122FAA7DF00750D49 /* LineTableViewCell.xib */,
			);
			path = Cells;
			sourceTree = "<group>";
		};
/* End PBXGroup section */

/* Begin PBXNativeTarget section */
		F5514F1C22F667FF003F2AF7 /* Train Finder */ = {
			isa = PBXNativeTarget;
			buildConfigurationList = F5514F3E22F66805003F2AF7 /* Build configuration list for PBXNativeTarget "Train Finder" */;
			buildPhases = (
				C1A3E925B09507185BE0AE8E /* [CP] Check Pods Manifest.lock */,
				F5514F1922F667FF003F2AF7 /* Sources */,
				F5514F1A22F667FF003F2AF7 /* Frameworks */,
				F5514F1B22F667FF003F2AF7 /* Resources */,
			);
			buildRules = (
			);
			dependencies = (
			);
			name = "Train Finder";
			productName = "Train Finder";
			productReference = F5514F1D22F667FF003F2AF7 /* Train Finder.app */;
			productType = "com.apple.product-type.application";
		};
		F5514F3422F66805003F2AF7 /* Train FinderTests */ = {
			isa = PBXNativeTarget;
			buildConfigurationList = F5514F4122F66805003F2AF7 /* Build configuration list for PBXNativeTarget "Train FinderTests" */;
			buildPhases = (
				39C59BBBC2E6CDB56568D5F8 /* [CP] Check Pods Manifest.lock */,
				F5514F3122F66805003F2AF7 /* Sources */,
				F5514F3222F66805003F2AF7 /* Frameworks */,
				F5514F3322F66805003F2AF7 /* Resources */,
			);
			buildRules = (
			);
			dependencies = (
				F5514F3722F66805003F2AF7 /* PBXTargetDependency */,
			);
			name = "Train FinderTests";
			productName = "Train FinderTests";
			productReference = F5514F3522F66805003F2AF7 /* Train FinderTests.xctest */;
			productType = "com.apple.product-type.bundle.unit-test";
		};
/* End PBXNativeTarget section */

/* Begin PBXProject section */
		F5514F1522F667FF003F2AF7 /* Project object */ = {
			isa = PBXProject;
			attributes = {
				LastUpgradeCheck = 1020;
				ORGANIZATIONNAME = "Christie-Davis";
				TargetAttributes = {
					F5514F1C22F667FF003F2AF7 = {
						CreatedOnToolsVersion = 10.2.1;
					};
					F5514F3422F66805003F2AF7 = {
						CreatedOnToolsVersion = 10.2.1;
						TestTargetID = F5514F1C22F667FF003F2AF7;
					};
				};
			};
			buildConfigurationList = F5514F1822F667FF003F2AF7 /* Build configuration list for PBXProject "Train Finder" */;
			compatibilityVersion = "Xcode 9.3";
			developmentRegion = en;
			hasScannedForEncodings = 0;
			knownRegions = (
				en,
				Base,
			);
			mainGroup = F5514F1422F667FF003F2AF7;
			productRefGroup = F5514F1E22F667FF003F2AF7 /* Products */;
			projectDirPath = "";
			projectRoot = "";
			targets = (
				F5514F1C22F667FF003F2AF7 /* Train Finder */,
				F5514F3422F66805003F2AF7 /* Train FinderTests */,
			);
		};
/* End PBXProject section */

/* Begin PBXResourcesBuildPhase section */
		F5514F1B22F667FF003F2AF7 /* Resources */ = {
			isa = PBXResourcesBuildPhase;
			buildActionMask = 2147483647;
			files = (
				F541ECD322FAA7DF00750D49 /* LineTableViewCell.xib in Resources */,
				F54F2F6C22FA3FE000084F24 /* TFFacilityDetailViewController.xib in Resources */,
				F58BAF7722F6C9FC006E97DD /* CategoryCell.xib in Resources */,
				F5514F4A22F66867003F2AF7 /* TFLandingViewController.xib in Resources */,
				F5514F2D22F66805003F2AF7 /* LaunchScreen.storyboard in Resources */,
				F58BAF7222F6C315006E97DD /* TFStationCell.xib in Resources */,
				F5514F2A22F66805003F2AF7 /* Assets.xcassets in Resources */,
			);
			runOnlyForDeploymentPostprocessing = 0;
		};
		F5514F3322F66805003F2AF7 /* Resources */ = {
			isa = PBXResourcesBuildPhase;
			buildActionMask = 2147483647;
			files = (
			);
			runOnlyForDeploymentPostprocessing = 0;
		};
/* End PBXResourcesBuildPhase section */

/* Begin PBXShellScriptBuildPhase section */
		39C59BBBC2E6CDB56568D5F8 /* [CP] Check Pods Manifest.lock */ = {
			isa = PBXShellScriptBuildPhase;
			buildActionMask = 2147483647;
			files = (
			);
			inputFileListPaths = (
			);
			inputPaths = (
				"${PODS_PODFILE_DIR_PATH}/Podfile.lock",
				"${PODS_ROOT}/Manifest.lock",
			);
			name = "[CP] Check Pods Manifest.lock";
			outputFileListPaths = (
			);
			outputPaths = (
				"$(DERIVED_FILE_DIR)/Pods-Train FinderTests-checkManifestLockResult.txt",
			);
			runOnlyForDeploymentPostprocessing = 0;
			shellPath = /bin/sh;
			shellScript = "diff \"${PODS_PODFILE_DIR_PATH}/Podfile.lock\" \"${PODS_ROOT}/Manifest.lock\" > /dev/null\nif [ $? != 0 ] ; then\n    # print error to STDERR\n    echo \"error: The sandbox is not in sync with the Podfile.lock. Run 'pod install' or update your CocoaPods installation.\" >&2\n    exit 1\nfi\n# This output is used by Xcode 'outputs' to avoid re-running this script phase.\necho \"SUCCESS\" > \"${SCRIPT_OUTPUT_FILE_0}\"\n";
			showEnvVarsInLog = 0;
		};
		C1A3E925B09507185BE0AE8E /* [CP] Check Pods Manifest.lock */ = {
			isa = PBXShellScriptBuildPhase;
			buildActionMask = 2147483647;
			files = (
			);
			inputFileListPaths = (
			);
			inputPaths = (
				"${PODS_PODFILE_DIR_PATH}/Podfile.lock",
				"${PODS_ROOT}/Manifest.lock",
			);
			name = "[CP] Check Pods Manifest.lock";
			outputFileListPaths = (
			);
			outputPaths = (
				"$(DERIVED_FILE_DIR)/Pods-Train Finder-checkManifestLockResult.txt",
			);
			runOnlyForDeploymentPostprocessing = 0;
			shellPath = /bin/sh;
			shellScript = "diff \"${PODS_PODFILE_DIR_PATH}/Podfile.lock\" \"${PODS_ROOT}/Manifest.lock\" > /dev/null\nif [ $? != 0 ] ; then\n    # print error to STDERR\n    echo \"error: The sandbox is not in sync with the Podfile.lock. Run 'pod install' or update your CocoaPods installation.\" >&2\n    exit 1\nfi\n# This output is used by Xcode 'outputs' to avoid re-running this script phase.\necho \"SUCCESS\" > \"${SCRIPT_OUTPUT_FILE_0}\"\n";
			showEnvVarsInLog = 0;
		};
/* End PBXShellScriptBuildPhase section */

/* Begin PBXSourcesBuildPhase section */
		F5514F1922F667FF003F2AF7 /* Sources */ = {
			isa = PBXSourcesBuildPhase;
			buildActionMask = 2147483647;
			files = (
				F5514F5822F66DB5003F2AF7 /* TFLocationService.m in Sources */,
				F5514F3022F66805003F2AF7 /* main.m in Sources */,
				F5514F4D22F66906003F2AF7 /* TFLandingPresenter.m in Sources */,
				F58BAF6922F6A5F0006E97DD /* TFStopPoint.m in Sources */,
				F5514F5522F66DAA003F2AF7 /* TFAPIService.m in Sources */,
				F58BAF6C22F6A6EC006E97DD /* TFAdditionalProperties.m in Sources */,
				F5FEC99F22FA784900C5FE64 /* TFArrivalPrediction.m in Sources */,
				F541ECD222FAA7DF00750D49 /* LineTableViewCell.m in Sources */,
				F58BAF7122F6C315006E97DD /* TFStationCell.m in Sources */,
				F58BAF7622F6C9FC006E97DD /* CategoryCell.m in Sources */,
				F5514F5B22F66DC4003F2AF7 /* TFRepositoryFactory.m in Sources */,
				F54F2F6B22FA3FE000084F24 /* TFFacilityDetailViewController.m in Sources */,
				F58BAF6522F68A5C006E97DD /* TFStopPointsResponse.m in Sources */,
				F5514F4922F66867003F2AF7 /* TFLandingViewController.m in Sources */,
				F5514F2222F66800003F2AF7 /* AppDelegate.m in Sources */,
			);
			runOnlyForDeploymentPostprocessing = 0;
		};
		F5514F3122F66805003F2AF7 /* Sources */ = {
			isa = PBXSourcesBuildPhase;
			buildActionMask = 2147483647;
			files = (
				F5514F3A22F66805003F2AF7 /* Train_FinderTests.m in Sources */,
			);
			runOnlyForDeploymentPostprocessing = 0;
		};
/* End PBXSourcesBuildPhase section */

/* Begin PBXTargetDependency section */
		F5514F3722F66805003F2AF7 /* PBXTargetDependency */ = {
			isa = PBXTargetDependency;
			target = F5514F1C22F667FF003F2AF7 /* Train Finder */;
			targetProxy = F5514F3622F66805003F2AF7 /* PBXContainerItemProxy */;
		};
/* End PBXTargetDependency section */

/* Begin PBXVariantGroup section */
		F5514F2B22F66805003F2AF7 /* LaunchScreen.storyboard */ = {
			isa = PBXVariantGroup;
			children = (
				F5514F2C22F66805003F2AF7 /* Base */,
			);
			name = LaunchScreen.storyboard;
			sourceTree = "<group>";
		};
/* End PBXVariantGroup section */

/* Begin XCBuildConfiguration section */
		F5514F3C22F66805003F2AF7 /* Debug */ = {
			isa = XCBuildConfiguration;
			buildSettings = {
				ALWAYS_SEARCH_USER_PATHS = NO;
				CLANG_ANALYZER_NONNULL = YES;
				CLANG_ANALYZER_NUMBER_OBJECT_CONVERSION = YES_AGGRESSIVE;
				CLANG_CXX_LANGUAGE_STANDARD = "gnu++14";
				CLANG_CXX_LIBRARY = "libc++";
				CLANG_ENABLE_MODULES = YES;
				CLANG_ENABLE_OBJC_ARC = YES;
				CLANG_ENABLE_OBJC_WEAK = YES;
				CLANG_WARN_BLOCK_CAPTURE_AUTORELEASING = YES;
				CLANG_WARN_BOOL_CONVERSION = YES;
				CLANG_WARN_COMMA = YES;
				CLANG_WARN_CONSTANT_CONVERSION = YES;
				CLANG_WARN_DEPRECATED_OBJC_IMPLEMENTATIONS = YES;
				CLANG_WARN_DIRECT_OBJC_ISA_USAGE = YES_ERROR;
				CLANG_WARN_DOCUMENTATION_COMMENTS = YES;
				CLANG_WARN_EMPTY_BODY = YES;
				CLANG_WARN_ENUM_CONVERSION = YES;
				CLANG_WARN_INFINITE_RECURSION = YES;
				CLANG_WARN_INT_CONVERSION = YES;
				CLANG_WARN_NON_LITERAL_NULL_CONVERSION = YES;
				CLANG_WARN_OBJC_IMPLICIT_RETAIN_SELF = YES;
				CLANG_WARN_OBJC_LITERAL_CONVERSION = YES;
				CLANG_WARN_OBJC_ROOT_CLASS = YES_ERROR;
				CLANG_WARN_RANGE_LOOP_ANALYSIS = YES;
				CLANG_WARN_STRICT_PROTOTYPES = YES;
				CLANG_WARN_SUSPICIOUS_MOVE = YES;
				CLANG_WARN_UNGUARDED_AVAILABILITY = YES_AGGRESSIVE;
				CLANG_WARN_UNREACHABLE_CODE = YES;
				CLANG_WARN__DUPLICATE_METHOD_MATCH = YES;
				CODE_SIGN_IDENTITY = "iPhone Developer";
				COPY_PHASE_STRIP = NO;
				DEBUG_INFORMATION_FORMAT = dwarf;
				ENABLE_STRICT_OBJC_MSGSEND = YES;
				ENABLE_TESTABILITY = YES;
				GCC_C_LANGUAGE_STANDARD = gnu11;
				GCC_DYNAMIC_NO_PIC = NO;
				GCC_NO_COMMON_BLOCKS = YES;
				GCC_OPTIMIZATION_LEVEL = 0;
				GCC_PREPROCESSOR_DEFINITIONS = (
					"DEBUG=1",
					"$(inherited)",
				);
				GCC_WARN_64_TO_32_BIT_CONVERSION = YES;
				GCC_WARN_ABOUT_RETURN_TYPE = YES_ERROR;
				GCC_WARN_UNDECLARED_SELECTOR = YES;
				GCC_WARN_UNINITIALIZED_AUTOS = YES_AGGRESSIVE;
				GCC_WARN_UNUSED_FUNCTION = YES;
				GCC_WARN_UNUSED_VARIABLE = YES;
				IPHONEOS_DEPLOYMENT_TARGET = 12.2;
				MTL_ENABLE_DEBUG_INFO = INCLUDE_SOURCE;
				MTL_FAST_MATH = YES;
				ONLY_ACTIVE_ARCH = YES;
				SDKROOT = iphoneos;
			};
			name = Debug;
		};
		F5514F3D22F66805003F2AF7 /* Release */ = {
			isa = XCBuildConfiguration;
			buildSettings = {
				ALWAYS_SEARCH_USER_PATHS = NO;
				CLANG_ANALYZER_NONNULL = YES;
				CLANG_ANALYZER_NUMBER_OBJECT_CONVERSION = YES_AGGRESSIVE;
				CLANG_CXX_LANGUAGE_STANDARD = "gnu++14";
				CLANG_CXX_LIBRARY = "libc++";
				CLANG_ENABLE_MODULES = YES;
				CLANG_ENABLE_OBJC_ARC = YES;
				CLANG_ENABLE_OBJC_WEAK = YES;
				CLANG_WARN_BLOCK_CAPTURE_AUTORELEASING = YES;
				CLANG_WARN_BOOL_CONVERSION = YES;
				CLANG_WARN_COMMA = YES;
				CLANG_WARN_CONSTANT_CONVERSION = YES;
				CLANG_WARN_DEPRECATED_OBJC_IMPLEMENTATIONS = YES;
				CLANG_WARN_DIRECT_OBJC_ISA_USAGE = YES_ERROR;
				CLANG_WARN_DOCUMENTATION_COMMENTS = YES;
				CLANG_WARN_EMPTY_BODY = YES;
				CLANG_WARN_ENUM_CONVERSION = YES;
				CLANG_WARN_INFINITE_RECURSION = YES;
				CLANG_WARN_INT_CONVERSION = YES;
				CLANG_WARN_NON_LITERAL_NULL_CONVERSION = YES;
				CLANG_WARN_OBJC_IMPLICIT_RETAIN_SELF = YES;
				CLANG_WARN_OBJC_LITERAL_CONVERSION = YES;
				CLANG_WARN_OBJC_ROOT_CLASS = YES_ERROR;
				CLANG_WARN_RANGE_LOOP_ANALYSIS = YES;
				CLANG_WARN_STRICT_PROTOTYPES = YES;
				CLANG_WARN_SUSPICIOUS_MOVE = YES;
				CLANG_WARN_UNGUARDED_AVAILABILITY = YES_AGGRESSIVE;
				CLANG_WARN_UNREACHABLE_CODE = YES;
				CLANG_WARN__DUPLICATE_METHOD_MATCH = YES;
				CODE_SIGN_IDENTITY = "iPhone Developer";
				COPY_PHASE_STRIP = NO;
				DEBUG_INFORMATION_FORMAT = "dwarf-with-dsym";
				ENABLE_NS_ASSERTIONS = NO;
				ENABLE_STRICT_OBJC_MSGSEND = YES;
				GCC_C_LANGUAGE_STANDARD = gnu11;
				GCC_NO_COMMON_BLOCKS = YES;
				GCC_WARN_64_TO_32_BIT_CONVERSION = YES;
				GCC_WARN_ABOUT_RETURN_TYPE = YES_ERROR;
				GCC_WARN_UNDECLARED_SELECTOR = YES;
				GCC_WARN_UNINITIALIZED_AUTOS = YES_AGGRESSIVE;
				GCC_WARN_UNUSED_FUNCTION = YES;
				GCC_WARN_UNUSED_VARIABLE = YES;
				IPHONEOS_DEPLOYMENT_TARGET = 12.2;
				MTL_ENABLE_DEBUG_INFO = NO;
				MTL_FAST_MATH = YES;
				SDKROOT = iphoneos;
				VALIDATE_PRODUCT = YES;
			};
			name = Release;
		};
		F5514F3F22F66805003F2AF7 /* Debug */ = {
			isa = XCBuildConfiguration;
			baseConfigurationReference = 3A703B12E192A54DFC21382A /* Pods-Train Finder.debug.xcconfig */;
			buildSettings = {
				ALWAYS_EMBED_SWIFT_STANDARD_LIBRARIES = YES;
				ASSETCATALOG_COMPILER_APPICON_NAME = AppIcon;
				CODE_SIGN_STYLE = Manual;
				DEVELOPMENT_TEAM = 77B4XKLPCN;
				INFOPLIST_FILE = "Train Finder/Resources/Info.plist";
				LD_RUNPATH_SEARCH_PATHS = (
					"$(inherited)",
					"@executable_path/Frameworks",
				);
				PRODUCT_BUNDLE_IDENTIFIER = "nz.co.davis.christie.Train-Finder";
				PRODUCT_NAME = "$(TARGET_NAME)";
				PROVISIONING_PROFILE_SPECIFIER = "Personal Dev";
				TARGETED_DEVICE_FAMILY = "1,2";
			};
			name = Debug;
		};
		F5514F4022F66805003F2AF7 /* Release */ = {
			isa = XCBuildConfiguration;
			baseConfigurationReference = DA3408AC8610E3FCC1A9F216 /* Pods-Train Finder.release.xcconfig */;
			buildSettings = {
				ALWAYS_EMBED_SWIFT_STANDARD_LIBRARIES = YES;
				ASSETCATALOG_COMPILER_APPICON_NAME = AppIcon;
				CODE_SIGN_STYLE = Manual;
				DEVELOPMENT_TEAM = 77B4XKLPCN;
				INFOPLIST_FILE = "Train Finder/Resources/Info.plist";
				LD_RUNPATH_SEARCH_PATHS = (
					"$(inherited)",
					"@executable_path/Frameworks",
				);
				PRODUCT_BUNDLE_IDENTIFIER = "nz.co.davis.christie.Train-Finder";
				PRODUCT_NAME = "$(TARGET_NAME)";
				PROVISIONING_PROFILE_SPECIFIER = "Personal Dev";
				TARGETED_DEVICE_FAMILY = "1,2";
			};
			name = Release;
		};
		F5514F4222F66805003F2AF7 /* Debug */ = {
			isa = XCBuildConfiguration;
			baseConfigurationReference = 0B376FD574E5D36A1540C704 /* Pods-Train FinderTests.debug.xcconfig */;
			buildSettings = {
				BUNDLE_LOADER = "$(TEST_HOST)";
				CODE_SIGN_STYLE = Automatic;
				DEVELOPMENT_TEAM = 77B4XKLPCN;
				INFOPLIST_FILE = "Train FinderTests/Info.plist";
				LD_RUNPATH_SEARCH_PATHS = (
					"$(inherited)",
					"@executable_path/Frameworks",
					"@loader_path/Frameworks",
				);
				PRODUCT_BUNDLE_IDENTIFIER = "nz.co.davis.christie.Train-FinderTests";
				PRODUCT_NAME = "$(TARGET_NAME)";
				TARGETED_DEVICE_FAMILY = "1,2";
				TEST_HOST = "$(BUILT_PRODUCTS_DIR)/Train Finder.app/Train Finder";
			};
			name = Debug;
		};
		F5514F4322F66805003F2AF7 /* Release */ = {
			isa = XCBuildConfiguration;
			baseConfigurationReference = F0B34444EA1D5D7F873C9C22 /* Pods-Train FinderTests.release.xcconfig */;
			buildSettings = {
				BUNDLE_LOADER = "$(TEST_HOST)";
				CODE_SIGN_STYLE = Automatic;
				DEVELOPMENT_TEAM = 77B4XKLPCN;
				INFOPLIST_FILE = "Train FinderTests/Info.plist";
				LD_RUNPATH_SEARCH_PATHS = (
					"$(inherited)",
					"@executable_path/Frameworks",
					"@loader_path/Frameworks",
				);
				PRODUCT_BUNDLE_IDENTIFIER = "nz.co.davis.christie.Train-FinderTests";
				PRODUCT_NAME = "$(TARGET_NAME)";
				TARGETED_DEVICE_FAMILY = "1,2";
				TEST_HOST = "$(BUILT_PRODUCTS_DIR)/Train Finder.app/Train Finder";
			};
			name = Release;
		};
/* End XCBuildConfiguration section */

/* Begin XCConfigurationList section */
		F5514F1822F667FF003F2AF7 /* Build configuration list for PBXProject "Train Finder" */ = {
			isa = XCConfigurationList;
			buildConfigurations = (
				F5514F3C22F66805003F2AF7 /* Debug */,
				F5514F3D22F66805003F2AF7 /* Release */,
			);
			defaultConfigurationIsVisible = 0;
			defaultConfigurationName = Release;
		};
		F5514F3E22F66805003F2AF7 /* Build configuration list for PBXNativeTarget "Train Finder" */ = {
			isa = XCConfigurationList;
			buildConfigurations = (
				F5514F3F22F66805003F2AF7 /* Debug */,
				F5514F4022F66805003F2AF7 /* Release */,
			);
			defaultConfigurationIsVisible = 0;
			defaultConfigurationName = Release;
		};
		F5514F4122F66805003F2AF7 /* Build configuration list for PBXNativeTarget "Train FinderTests" */ = {
			isa = XCConfigurationList;
			buildConfigurations = (
				F5514F4222F66805003F2AF7 /* Debug */,
				F5514F4322F66805003F2AF7 /* Release */,
			);
			defaultConfigurationIsVisible = 0;
			defaultConfigurationName = Release;
		};
/* End XCConfigurationList section */
	};
	rootObject = F5514F1522F667FF003F2AF7 /* Project object */;
}
